
Microsoft Visual Studio Solution File, Format Version 12.00
# Visual Studio Version 17
VisualStudioVersion = 17.4.33103.184
MinimumVisualStudioVersion = 10.0.40219.1
Project("{FAE04EC0-301F-11D3-BF4B-00C04F79EFBC}") = "ConsoleApp12", "ConsoleApp12.csproj", "{9D4B300E-DD9F-4967-9B20-06F4D76D1CE9}"
EndProject
Global
	GlobalSection(SolutionConfigurationPlatforms) = preSolution
		Debug|Any CPU = Debug|Any CPU
		Release|Any CPU = Release|Any CPU
	EndGlobalSection
	GlobalSection(ProjectConfigurationPlatforms) = postSolution
		{9D4B300E-DD9F-4967-9B20-06F4D76D1CE9}.Debug|Any CPU.ActiveCfg = Debug|Any CPU
		{9D4B300E-DD9F-4967-9B20-06F4D76D1CE9}.Debug|Any CPU.Build.0 = Debug|Any CPU
		{9D4B300E-DD9F-4967-9B20-06F4D76D1CE9}.Release|Any CPU.ActiveCfg = Release|Any CPU
		{9D4B300E-DD9F-4967-9B20-06F4D76D1CE9}.Release|Any CPU.Build.0 = Release|Any CPU
	EndGlobalSection
	GlobalSection(SolutionProperties) = preSolution
		HideSolutionNode = FALSE
	EndGlobalSection
	GlobalSection(ExtensibilityGlobals) = postSolution
		SolutionGuid = {2786A4EA-7258-4962-BCCA-3CBE88C4673E}
	EndGlobalSection
EndGlobal
